// !$*UTF8*$!
{
	archiveVersion = 1;
	classes = {
	};
	objectVersion = 56;
	objects = {

/* Begin PBXBuildFile section */
		A10001 /* HermesApp.swift in Sources */ = {isa = PBXBuildFile; fileRef = B10001; };
		A10002 /* AppDelegate.swift in Sources */ = {isa = PBXBuildFile; fileRef = B10002; };
		A10003 /* AppSlot.swift in Sources */ = {isa = PBXBuildFile; fileRef = B10003; };
		A10004 /* HotkeyCombo.swift in Sources */ = {isa = PBXBuildFile; fileRef = B10004; };
		A10005 /* SlotStore.swift in Sources */ = {isa = PBXBuildFile; fileRef = B10005; };
		A10006 /* AppSearcher.swift in Sources */ = {isa = PBXBuildFile; fileRef = B10006; };
		A10007 /* HotkeyManager.swift in Sources */ = {isa = PBXBuildFile; fileRef = B10007; };
		A10008 /* OverlayWindow.swift in Sources */ = {isa = PBXBuildFile; fileRef = B10008; };
		A10009 /* OverlayView.swift in Sources */ = {isa = PBXBuildFile; fileRef = B10009; };
		A10010 /* SlotView.swift in Sources */ = {isa = PBXBuildFile; fileRef = B10010; };
		A10011 /* SearchResultSlot.swift in Sources */ = {isa = PBXBuildFile; fileRef = B10011; };
		A10012 /* HotkeyBadge.swift in Sources */ = {isa = PBXBuildFile; fileRef = B10012; };
		A10013 /* SearchField.swift in Sources */ = {isa = PBXBuildFile; fileRef = B10013; };
		A10014 /* VisualEffectBlur.swift in Sources */ = {isa = PBXBuildFile; fileRef = B10014; };
		A10015 /* KeyEventHandler.swift in Sources */ = {isa = PBXBuildFile; fileRef = B10015; };
		A10016 /* Assets.xcassets in Resources */ = {isa = PBXBuildFile; fileRef = B10016; };
		A10017 /* SettingsView.swift in Sources */ = {isa = PBXBuildFile; fileRef = B10019; };
		A10018 /* RecordingEventTap.swift in Sources */ = {isa = PBXBuildFile; fileRef = B10020; };
/* End PBXBuildFile section */

/* Begin PBXFileReference section */
		B10001 /* HermesApp.swift */ = {isa = PBXFileReference; lastKnownFileType = sourcecode.swift; path = HermesApp.swift; sourceTree = "<group>"; };
		B10002 /* AppDelegate.swift */ = {isa = PBXFileReference; lastKnownFileType = sourcecode.swift; path = AppDelegate.swift; sourceTree = "<group>"; };
		B10003 /* AppSlot.swift */ = {isa = PBXFileReference; lastKnownFileType = sourcecode.swift; path = AppSlot.swift; sourceTree = "<group>"; };
		B10004 /* HotkeyCombo.swift */ = {isa = PBXFileReference; lastKnownFileType = sourcecode.swift; path = HotkeyCombo.swift; sourceTree = "<group>"; };
		B10005 /* SlotStore.swift */ = {isa = PBXFileReference; lastKnownFileType = sourcecode.swift; path = SlotStore.swift; sourceTree = "<group>"; };
		B10006 /* AppSearcher.swift */ = {isa = PBXFileReference; lastKnownFileType = sourcecode.swift; path = AppSearcher.swift; sourceTree = "<group>"; };
		B10007 /* HotkeyManager.swift */ = {isa = PBXFileReference; lastKnownFileType = sourcecode.swift; path = HotkeyManager.swift; sourceTree = "<group>"; };
		B10008 /* OverlayWindow.swift */ = {isa = PBXFileReference; lastKnownFileType = sourcecode.swift; path = OverlayWindow.swift; sourceTree = "<group>"; };
		B10009 /* OverlayView.swift */ = {isa = PBXFileReference; lastKnownFileType = sourcecode.swift; path = OverlayView.swift; sourceTree = "<group>"; };
		B10010 /* SlotView.swift */ = {isa = PBXFileReference; lastKnownFileType = sourcecode.swift; path = SlotView.swift; sourceTree = "<group>"; };
		B10011 /* SearchResultSlot.swift */ = {isa = PBXFileReference; lastKnownFileType = sourcecode.swift; path = SearchResultSlot.swift; sourceTree = "<group>"; };
		B10012 /* HotkeyBadge.swift */ = {isa = PBXFileReference; lastKnownFileType = sourcecode.swift; path = HotkeyBadge.swift; sourceTree = "<group>"; };
		B10013 /* SearchField.swift */ = {isa = PBXFileReference; lastKnownFileType = sourcecode.swift; path = SearchField.swift; sourceTree = "<group>"; };
		B10014 /* VisualEffectBlur.swift */ = {isa = PBXFileReference; lastKnownFileType = sourcecode.swift; path = VisualEffectBlur.swift; sourceTree = "<group>"; };
		B10015 /* KeyEventHandler.swift */ = {isa = PBXFileReference; lastKnownFileType = sourcecode.swift; path = KeyEventHandler.swift; sourceTree = "<group>"; };
		B10016 /* Assets.xcassets */ = {isa = PBXFileReference; lastKnownFileType = folder.assetcatalog; path = Assets.xcassets; sourceTree = "<group>"; };
		B10017 /* Info.plist */ = {isa = PBXFileReference; lastKnownFileType = text.plist.xml; path = Info.plist; sourceTree = "<group>"; };
		B10018 /* Hermes.entitlements */ = {isa = PBXFileReference; lastKnownFileType = text.plist.entitlements; path = Hermes.entitlements; sourceTree = "<group>"; };
		B10019 /* SettingsView.swift */ = {isa = PBXFileReference; lastKnownFileType = sourcecode.swift; path = SettingsView.swift; sourceTree = "<group>"; };
		B10020 /* RecordingEventTap.swift */ = {isa = PBXFileReference; lastKnownFileType = sourcecode.swift; path = RecordingEventTap.swift; sourceTree = "<group>"; };
		C10001 /* Hermes.app */ = {isa = PBXFileReference; explicitFileType = wrapper.application; includeInIndex = 0; path = Hermes.app; sourceTree = BUILT_PRODUCTS_DIR; };
/* End PBXFileReference section */

/* Begin PBXFrameworksBuildPhase section */
		D10001 /* Frameworks */ = {
			isa = PBXFrameworksBuildPhase;
			buildActionMask = 2147483647;
			files = (
			);
			runOnlyForDeploymentPostprocessing = 0;
		};
/* End PBXFrameworksBuildPhase section */

/* Begin PBXGroup section */
		E10001 = {
			isa = PBXGroup;
			children = (
				E10002 /* Hermes */,
				E10007 /* Products */,
			);
			sourceTree = "<group>";
		};
		E10002 /* Hermes */ = {
			isa = PBXGroup;
			children = (
				E10003 /* App */,
				E10004 /* Models */,
				E10005 /* HotkeyEngine */,
				E10006 /* Views */,
				B10016 /* Assets.xcassets */,
				B10017 /* Info.plist */,
				B10018 /* Hermes.entitlements */,
			);
			path = Hermes;
			sourceTree = "<group>";
		};
		E10003 /* App */ = {
			isa = PBXGroup;
			children = (
				B10001 /* HermesApp.swift */,
				B10002 /* AppDelegate.swift */,
			);
			path = App;
			sourceTree = "<group>";
		};
		E10004 /* Models */ = {
			isa = PBXGroup;
			children = (
				B10003 /* AppSlot.swift */,
				B10004 /* HotkeyCombo.swift */,
				B10005 /* SlotStore.swift */,
				B10006 /* AppSearcher.swift */,
			);
			path = Models;
			sourceTree = "<group>";
		};
		E10005 /* HotkeyEngine */ = {
			isa = PBXGroup;
			children = (
				B10007 /* HotkeyManager.swift */,
				B10020 /* RecordingEventTap.swift */,
			);
			path = HotkeyEngine;
			sourceTree = "<group>";
		};
		E10006 /* Views */ = {
			isa = PBXGroup;
			children = (
				B10008 /* OverlayWindow.swift */,
				B10009 /* OverlayView.swift */,
				B10010 /* SlotView.swift */,
				B10011 /* SearchResultSlot.swift */,
				B10012 /* HotkeyBadge.swift */,
				B10013 /* SearchField.swift */,
				B10014 /* VisualEffectBlur.swift */,
				B10015 /* KeyEventHandler.swift */,
				B10019 /* SettingsView.swift */,
			);
			path = Views;
			sourceTree = "<group>";
		};
		E10007 /* Products */ = {
			isa = PBXGroup;
			children = (
				C10001 /* Hermes.app */,
			);
			name = Products;
			sourceTree = "<group>";
		};
/* End PBXGroup section */

/* Begin PBXNativeTarget section */
		F10001 /* Hermes */ = {
			isa = PBXNativeTarget;
			buildConfigurationList = G10003;
			buildPhases = (
				F10002 /* Sources */,
				D10001 /* Frameworks */,
				F10003 /* Resources */,
			);
			buildRules = (
			);
			dependencies = (
			);
			name = Hermes;
			productName = Hermes;
			productReference = C10001 /* Hermes.app */;
			productType = "com.apple.product-type.application";
		};
/* End PBXNativeTarget section */

/* Begin PBXProject section */
		F10004 /* Project object */ = {
			isa = PBXProject;
			attributes = {
				BuildIndependentTargetsInParallel = 1;
				LastSwiftUpdateCheck = 1620;
				LastUpgradeCheck = 1620;
			};
			buildConfigurationList = G10001;
			compatibilityVersion = "Xcode 14.0";
			developmentRegion = en;
			hasScannedForEncodings = 0;
			knownRegions = (
				en,
				Base,
			);
			mainGroup = E10001;
			productRefGroup = E10007 /* Products */;
			projectDirPath = "";
			projectRoot = "";
			targets = (
				F10001 /* Hermes */,
			);
		};
/* End PBXProject section */

/* Begin PBXResourcesBuildPhase section */
		F10003 /* Resources */ = {
			isa = PBXResourcesBuildPhase;
			buildActionMask = 2147483647;
			files = (
				A10016 /* Assets.xcassets in Resources */,
			);
			runOnlyForDeploymentPostprocessing = 0;
		};
/* End PBXResourcesBuildPhase section */

/* Begin PBXSourcesBuildPhase section */
		F10002 /* Sources */ = {
			isa = PBXSourcesBuildPhase;
			buildActionMask = 2147483647;
			files = (
				A10001 /* HermesApp.swift in Sources */,
				A10002 /* AppDelegate.swift in Sources */,
				A10003 /* AppSlot.swift in Sources */,
				A10004 /* HotkeyCombo.swift in Sources */,
				A10005 /* SlotStore.swift in Sources */,
				A10006 /* AppSearcher.swift in Sources */,
				A10007 /* HotkeyManager.swift in Sources */,
				A10008 /* OverlayWindow.swift in Sources */,
				A10009 /* OverlayView.swift in Sources */,
				A10010 /* SlotView.swift in Sources */,
				A10011 /* SearchResultSlot.swift in Sources */,
				A10012 /* HotkeyBadge.swift in Sources */,
				A10013 /* SearchField.swift in Sources */,
				A10014 /* VisualEffectBlur.swift in Sources */,
				A10015 /* KeyEventHandler.swift in Sources */,
				A10017 /* SettingsView.swift in Sources */,
				A10018 /* RecordingEventTap.swift in Sources */,
			);
			runOnlyForDeploymentPostprocessing = 0;
		};
/* End PBXSourcesBuildPhase section */

/* Begin XCBuildConfiguration section */
		G10002 /* Debug */ = {
			isa = XCBuildConfiguration;
			buildSettings = {
				ALWAYS_SEARCH_USER_PATHS = NO;
				CLANG_ANALYZER_NONNULL = YES;
				CLANG_CXX_LANGUAGE_STANDARD = "gnu++20";
				CLANG_ENABLE_MODULES = YES;
				CLANG_ENABLE_OBJC_ARC = YES;
				COPY_PHASE_STRIP = NO;
				DEBUG_INFORMATION_FORMAT = dwarf;
				ENABLE_STRICT_OBJC_MSGSEND = YES;
				ENABLE_TESTABILITY = YES;
				GCC_DYNAMIC_NO_PIC = NO;
				GCC_NO_COMMON_BLOCKS = YES;
				GCC_OPTIMIZATION_LEVEL = 0;
				GCC_PREPROCESSOR_DEFINITIONS = (
					"DEBUG=1",
					"$(inherited)",
				);
				GCC_WARN_64_TO_32_BIT_CONVERSION = YES;
				GCC_WARN_ABOUT_RETURN_TYPE = YES_ERROR;
				GCC_WARN_UNDECLARED_SELECTOR = YES;
				GCC_WARN_UNINITIALIZED_AUTOS = YES_AGGRESSIVE;
				GCC_WARN_UNUSED_FUNCTION = YES;
				GCC_WARN_UNUSED_VARIABLE = YES;
				MACOSX_DEPLOYMENT_TARGET = 14.0;
				MTL_ENABLE_DEBUG_INFO = INCLUDE_SOURCE;
				MTL_FAST_MATH = YES;
				ONLY_ACTIVE_ARCH = YES;
				SDKROOT = macosx;
				SWIFT_ACTIVE_COMPILATION_CONDITIONS = DEBUG;
				SWIFT_OPTIMIZATION_LEVEL = "-Onone";
			};
			name = Debug;
		};
		G10005 /* Release */ = {
			isa = XCBuildConfiguration;
			buildSettings = {
				ALWAYS_SEARCH_USER_PATHS = NO;
				CLANG_ANALYZER_NONNULL = YES;
				CLANG_CXX_LANGUAGE_STANDARD = "gnu++20";
				CLANG_ENABLE_MODULES = YES;
				CLANG_ENABLE_OBJC_ARC = YES;
				COPY_PHASE_STRIP = NO;
				DEBUG_INFORMATION_FORMAT = "dwarf-with-dsym";
				ENABLE_NS_ASSERTIONS = NO;
				ENABLE_STRICT_OBJC_MSGSEND = YES;
				GCC_NO_COMMON_BLOCKS = YES;
				GCC_WARN_64_TO_32_BIT_CONVERSION = YES;
				GCC_WARN_ABOUT_RETURN_TYPE = YES_ERROR;
				GCC_WARN_UNDECLARED_SELECTOR = YES;
				GCC_WARN_UNINITIALIZED_AUTOS = YES_AGGRESSIVE;
				GCC_WARN_UNUSED_FUNCTION = YES;
				GCC_WARN_UNUSED_VARIABLE = YES;
				MACOSX_DEPLOYMENT_TARGET = 14.0;
				MTL_FAST_MATH = YES;
				SDKROOT = macosx;
				SWIFT_COMPILATION_MODE = wholemodule;
				SWIFT_OPTIMIZATION_LEVEL = "-O";
			};
			name = Release;
		};
		G10004 /* Debug */ = {
			isa = XCBuildConfiguration;
			buildSettings = {
				ASSETCATALOG_COMPILER_APPICON_NAME = AppIcon;
				CODE_SIGN_ENTITLEMENTS = Hermes/Hermes.entitlements;
				CODE_SIGN_STYLE = Automatic;
				COMBINE_HIDPI_IMAGES = YES;
				CURRENT_PROJECT_VERSION = 1;
				GENERATE_INFOPLIST_FILE = YES;
				INFOPLIST_FILE = Hermes/Info.plist;
				INFOPLIST_KEY_LSUIElement = YES;
				INFOPLIST_KEY_NSHumanReadableCopyright = "";
				LD_RUNPATH_SEARCH_PATHS = (
					"$(inherited)",
					"@executable_path/../Frameworks",
				);
				MARKETING_VERSION = 0.1.0;
				PRODUCT_BUNDLE_IDENTIFIER = com.hermes.app;
				PRODUCT_NAME = "$(TARGET_NAME)";
				SWIFT_EMIT_LOC_STRINGS = YES;
				SWIFT_VERSION = 6.0;
			};
			name = Debug;
		};
		G10006 /* Release */ = {
			isa = XCBuildConfiguration;
			buildSettings = {
				ASSETCATALOG_COMPILER_APPICON_NAME = AppIcon;
				CODE_SIGN_ENTITLEMENTS = Hermes/Hermes.entitlements;
				CODE_SIGN_STYLE = Automatic;
				COMBINE_HIDPI_IMAGES = YES;
				CURRENT_PROJECT_VERSION = 1;
				GENERATE_INFOPLIST_FILE = YES;
				INFOPLIST_FILE = Hermes/Info.plist;
				INFOPLIST_KEY_LSUIElement = YES;
				INFOPLIST_KEY_NSHumanReadableCopyright = "";
				LD_RUNPATH_SEARCH_PATHS = (
					"$(inherited)",
					"@executable_path/../Frameworks",
				);
				MARKETING_VERSION = 0.1.0;
				PRODUCT_BUNDLE_IDENTIFIER = com.hermes.app;
				PRODUCT_NAME = "$(TARGET_NAME)";
				SWIFT_EMIT_LOC_STRINGS = YES;
				SWIFT_VERSION = 6.0;
			};
			name = Release;
		};
/* End XCBuildConfiguration section */

/* Begin XCConfigurationList section */
		G10001 /* Build configuration list for PBXProject "Hermes" */ = {
			isa = XCConfigurationList;
			buildConfigurations = (
				G10002 /* Debug */,
				G10005 /* Release */,
			);
			defaultConfigurationIsVisible = 0;
			defaultConfigurationName = Release;
		};
		G10003 /* Build configuration list for PBXNativeTarget "Hermes" */ = {
			isa = XCConfigurationList;
			buildConfigurations = (
				G10004 /* Debug */,
				G10006 /* Release */,
			);
			defaultConfigurationIsVisible = 0;
			defaultConfigurationName = Release;
		};
/* End XCConfigurationList section */

	};
	rootObject = F10004 /* Project object */;
}
